
Microsoft Visual Studio Solution File, Format Version 12.00
# Visual Studio Version 16
VisualStudioVersion = 16.0.29519.181
MinimumVisualStudioVersion = 10.0.40219.1
Project("{FAE04EC0-301F-11D3-BF4B-00C04F79EFBC}") = "EquazioniLibrary", "EquazioniLibrary\EquazioniLibrary.csproj", "{3F55630D-CAB1-465E-8D64-A40B1DA4AF49}"
EndProject
Project("{FAE04EC0-301F-11D3-BF4B-00C04F79EFBC}") = "CalcoliCombinatori", "CalcoliCombinatori\CalcoliCombinatori.csproj", "{4098BEC9-F845-4B09-9C65-F5017D5799F8}"
EndProject
Global
	GlobalSection(SolutionConfigurationPlatforms) = preSolution
		Debug|Any CPU = Debug|Any CPU
		Release|Any CPU = Release|Any CPU
	EndGlobalSection
	GlobalSection(ProjectConfigurationPlatforms) = postSolution
		{3F55630D-CAB1-465E-8D64-A40B1DA4AF49}.Debug|Any CPU.ActiveCfg = Debug|Any CPU
		{3F55630D-CAB1-465E-8D64-A40B1DA4AF49}.Debug|Any CPU.Build.0 = Debug|Any CPU
		{3F55630D-CAB1-465E-8D64-A40B1DA4AF49}.Release|Any CPU.ActiveCfg = Release|Any CPU
		{3F55630D-CAB1-465E-8D64-A40B1DA4AF49}.Release|Any CPU.Build.0 = Release|Any CPU
		{4098BEC9-F845-4B09-9C65-F5017D5799F8}.Debug|Any CPU.ActiveCfg = Debug|Any CPU
		{4098BEC9-F845-4B09-9C65-F5017D5799F8}.Debug|Any CPU.Build.0 = Debug|Any CPU
		{4098BEC9-F845-4B09-9C65-F5017D5799F8}.Release|Any CPU.ActiveCfg = Release|Any CPU
		{4098BEC9-F845-4B09-9C65-F5017D5799F8}.Release|Any CPU.Build.0 = Release|Any CPU
	EndGlobalSection
	GlobalSection(SolutionProperties) = preSolution
		HideSolutionNode = FALSE
	EndGlobalSection
	GlobalSection(ExtensibilityGlobals) = postSolution
		SolutionGuid = {8C13F620-B7C4-4690-8396-61F95956D1EE}
	EndGlobalSection
EndGlobal
